
Microsoft Visual Studio Solution File, Format Version 12.00
# Visual Studio Version 17
VisualStudioVersion = 17.13.35931.197 d17.13
MinimumVisualStudioVersion = 10.0.40219.1
Project("{FAE04EC0-301F-11D3-BF4B-00C04F79EFBC}") = "APIUsingDifferentProtocols", "APIUsingDifferentProtocols\APIUsingDifferentProtocols.csproj", "{F10AB8EA-F91F-48AF-8DBD-9D09C491FC5C}"
EndProject
Global
	GlobalSection(SolutionConfigurationPlatforms) = preSolution
		Debug|Any CPU = Debug|Any CPU
		Release|Any CPU = Release|Any CPU
	EndGlobalSection
	GlobalSection(ProjectConfigurationPlatforms) = postSolution
		{F10AB8EA-F91F-48AF-8DBD-9D09C491FC5C}.Debug|Any CPU.ActiveCfg = Debug|Any CPU
		{F10AB8EA-F91F-48AF-8DBD-9D09C491FC5C}.Debug|Any CPU.Build.0 = Debug|Any CPU
		{F10AB8EA-F91F-48AF-8DBD-9D09C491FC5C}.Release|Any CPU.ActiveCfg = Release|Any CPU
		{F10AB8EA-F91F-48AF-8DBD-9D09C491FC5C}.Release|Any CPU.Build.0 = Release|Any CPU
	EndGlobalSection
	GlobalSection(SolutionProperties) = preSolution
		HideSolutionNode = FALSE
	EndGlobalSection
	GlobalSection(ExtensibilityGlobals) = postSolution
		SolutionGuid = {74473863-D5B0-493D-B91B-2D6431EB5277}
	EndGlobalSection
EndGlobal
